{
  "version": 4,
  "terraform_version": "0.12.5",
  "serial": 1,
  "lineage": "939569fa-cf5e-8ed2-1c2a-96e14de4a0a2",
  "outputs": {},
  "resources": [
    {
      "mode": "managed",
      "type": "google_storage_bucket",
      "name": "imagestore",
      "provider": "provider.google",
      "instances": [
        {
          "schema_version": 0,
          "attributes": {
            "bucket_policy_only": false,
            "cors": [],
            "encryption": [],
            "force_destroy": true,
            "id": "sv-tf-state",
            "labels": null,
            "lifecycle_rule": [],
            "location": "US",
            "logging": [],
            "name": "sv-tf-state",
            "predefined_acl": null,
            "project": "polkadot-benchmarks",
            "requester_pays": false,
            "retention_policy": [],
            "self_link": "https://www.googleapis.com/storage/v1/b/sv-tf-state",
            "storage_class": "STANDARD",
            "url": "gs://sv-tf-state",
            "versioning": [],
            "website": []
          },
          "private": "bnVsbA=="
        }
      ]
    }
  ]
}
